
Microsoft Visual Studio Solution File, Format Version 12.00
# Visual Studio Version 17
VisualStudioVersion = 17.2.32630.192
MinimumVisualStudioVersion = 10.0.40219.1
Project("{FAE04EC0-301F-11D3-BF4B-00C04F79EFBC}") = "OSI", "OSI\OSI.csproj", "{A5B737E0-CDBD-4F00-83B9-AD42591CAEC2}"
EndProject
Global
	GlobalSection(SolutionConfigurationPlatforms) = preSolution
		Debug|Any CPU = Debug|Any CPU
		Release|Any CPU = Release|Any CPU
	EndGlobalSection
	GlobalSection(ProjectConfigurationPlatforms) = postSolution
		{A5B737E0-CDBD-4F00-83B9-AD42591CAEC2}.Debug|Any CPU.ActiveCfg = Debug|Any CPU
		{A5B737E0-CDBD-4F00-83B9-AD42591CAEC2}.Debug|Any CPU.Build.0 = Debug|Any CPU
		{A5B737E0-CDBD-4F00-83B9-AD42591CAEC2}.Release|Any CPU.ActiveCfg = Release|Any CPU
		{A5B737E0-CDBD-4F00-83B9-AD42591CAEC2}.Release|Any CPU.Build.0 = Release|Any CPU
	EndGlobalSection
	GlobalSection(SolutionProperties) = preSolution
		HideSolutionNode = FALSE
	EndGlobalSection
	GlobalSection(ExtensibilityGlobals) = postSolution
		SolutionGuid = {B479506E-3B1B-4F24-895C-9C558A383B76}
	EndGlobalSection
EndGlobal
